
Microsoft Visual Studio Solution File, Format Version 12.00
# Visual Studio Version 16
VisualStudioVersion = 16.0.31410.357
MinimumVisualStudioVersion = 10.0.40219.1
Project("{9A19103F-16F7-4668-BE54-9A1E7A4F7556}") = "graph-api-samples", "graph-api-samples.csproj", "{51B687A0-29C0-4575-91A7-40D8EA276722}"
EndProject
Global
	GlobalSection(SolutionConfigurationPlatforms) = preSolution
		Debug|Any CPU = Debug|Any CPU
		Release|Any CPU = Release|Any CPU
	EndGlobalSection
	GlobalSection(ProjectConfigurationPlatforms) = postSolution
		{51B687A0-29C0-4575-91A7-40D8EA276722}.Debug|Any CPU.ActiveCfg = Debug|Any CPU
		{51B687A0-29C0-4575-91A7-40D8EA276722}.Debug|Any CPU.Build.0 = Debug|Any CPU
		{51B687A0-29C0-4575-91A7-40D8EA276722}.Release|Any CPU.ActiveCfg = Release|Any CPU
		{51B687A0-29C0-4575-91A7-40D8EA276722}.Release|Any CPU.Build.0 = Release|Any CPU
	EndGlobalSection
	GlobalSection(SolutionProperties) = preSolution
		HideSolutionNode = FALSE
	EndGlobalSection
	GlobalSection(ExtensibilityGlobals) = postSolution
		SolutionGuid = {6007ADF9-90A1-4A0D-8ED7-4070BF41CB24}
	EndGlobalSection
EndGlobal
